// !$*UTF8*$!
{
	archiveVersion = 1;
	classes = {
	};
	objectVersion = 50;
	objects = {

/* Begin PBXBuildFile section */
		613E984B2237D0E600D175CC /* AppDelegate.swift in Sources */ = {isa = PBXBuildFile; fileRef = 613E984A2237D0E600D175CC /* AppDelegate.swift */; };
		613E984D2237D0E600D175CC /* ViewController.swift in Sources */ = {isa = PBXBuildFile; fileRef = 613E984C2237D0E600D175CC /* ViewController.swift */; };
		613E98502237D0E600D175CC /* Main.storyboard in Resources */ = {isa = PBXBuildFile; fileRef = 613E984E2237D0E600D175CC /* Main.storyboard */; };
		613E98532237D0E600D175CC /* NY_Times.xcdatamodeld in Sources */ = {isa = PBXBuildFile; fileRef = 613E98512237D0E600D175CC /* NY_Times.xcdatamodeld */; };
		613E98552237D0E700D175CC /* Assets.xcassets in Resources */ = {isa = PBXBuildFile; fileRef = 613E98542237D0E700D175CC /* Assets.xcassets */; };
		613E98582237D0E700D175CC /* LaunchScreen.storyboard in Resources */ = {isa = PBXBuildFile; fileRef = 613E98562237D0E700D175CC /* LaunchScreen.storyboard */; };
		613E98632237D0E700D175CC /* NY_TimesTests.swift in Sources */ = {isa = PBXBuildFile; fileRef = 613E98622237D0E700D175CC /* NY_TimesTests.swift */; };
		613E986E2237D0E700D175CC /* NY_TimesUITests.swift in Sources */ = {isa = PBXBuildFile; fileRef = 613E986D2237D0E700D175CC /* NY_TimesUITests.swift */; };
/* End PBXBuildFile section */

/* Begin PBXContainerItemProxy section */
		613E985F2237D0E700D175CC /* PBXContainerItemProxy */ = {
			isa = PBXContainerItemProxy;
			containerPortal = 613E983F2237D0E600D175CC /* Project object */;
			proxyType = 1;
			remoteGlobalIDString = 613E98462237D0E600D175CC;
			remoteInfo = "NY Times";
		};
		613E986A2237D0E700D175CC /* PBXContainerItemProxy */ = {
			isa = PBXContainerItemProxy;
			containerPortal = 613E983F2237D0E600D175CC /* Project object */;
			proxyType = 1;
			remoteGlobalIDString = 613E98462237D0E600D175CC;
			remoteInfo = "NY Times";
		};
/* End PBXContainerItemProxy section */

/* Begin PBXFileReference section */
		613E98472237D0E600D175CC /* NY Times.app */ = {isa = PBXFileReference; explicitFileType = wrapper.application; includeInIndex = 0; path = "NY Times.app"; sourceTree = BUILT_PRODUCTS_DIR; };
		613E984A2237D0E600D175CC /* AppDelegate.swift */ = {isa = PBXFileReference; lastKnownFileType = sourcecode.swift; path = AppDelegate.swift; sourceTree = "<group>"; };
		613E984C2237D0E600D175CC /* ViewController.swift */ = {isa = PBXFileReference; lastKnownFileType = sourcecode.swift; path = ViewController.swift; sourceTree = "<group>"; };
		613E984F2237D0E600D175CC /* Base */ = {isa = PBXFileReference; lastKnownFileType = file.storyboard; name = Base; path = Base.lproj/Main.storyboard; sourceTree = "<group>"; };
		613E98522237D0E600D175CC /* NY_Times.xcdatamodel */ = {isa = PBXFileReference; lastKnownFileType = wrapper.xcdatamodel; path = NY_Times.xcdatamodel; sourceTree = "<group>"; };
		613E98542237D0E700D175CC /* Assets.xcassets */ = {isa = PBXFileReference; lastKnownFileType = folder.assetcatalog; path = Assets.xcassets; sourceTree = "<group>"; };
		613E98572237D0E700D175CC /* Base */ = {isa = PBXFileReference; lastKnownFileType = file.storyboard; name = Base; path = Base.lproj/LaunchScreen.storyboard; sourceTree = "<group>"; };
		613E98592237D0E700D175CC /* Info.plist */ = {isa = PBXFileReference; lastKnownFileType = text.plist.xml; path = Info.plist; sourceTree = "<group>"; };
		613E985E2237D0E700D175CC /* NY TimesTests.xctest */ = {isa = PBXFileReference; explicitFileType = wrapper.cfbundle; includeInIndex = 0; path = "NY TimesTests.xctest"; sourceTree = BUILT_PRODUCTS_DIR; };
		613E98622237D0E700D175CC /* NY_TimesTests.swift */ = {isa = PBXFileReference; lastKnownFileType = sourcecode.swift; path = NY_TimesTests.swift; sourceTree = "<group>"; };
		613E98642237D0E700D175CC /* Info.plist */ = {isa = PBXFileReference; lastKnownFileType = text.plist.xml; path = Info.plist; sourceTree = "<group>"; };
		613E98692237D0E700D175CC /* NY TimesUITests.xctest */ = {isa = PBXFileReference; explicitFileType = wrapper.cfbundle; includeInIndex = 0; path = "NY TimesUITests.xctest"; sourceTree = BUILT_PRODUCTS_DIR; };
		613E986D2237D0E700D175CC /* NY_TimesUITests.swift */ = {isa = PBXFileReference; lastKnownFileType = sourcecode.swift; path = NY_TimesUITests.swift; sourceTree = "<group>"; };
		613E986F2237D0E700D175CC /* Info.plist */ = {isa = PBXFileReference; lastKnownFileType = text.plist.xml; path = Info.plist; sourceTree = "<group>"; };
/* End PBXFileReference section */

/* Begin PBXFrameworksBuildPhase section */
		613E98442237D0E600D175CC /* Frameworks */ = {
			isa = PBXFrameworksBuildPhase;
			buildActionMask = 2147483647;
			files = (
			);
			runOnlyForDeploymentPostprocessing = 0;
		};
		613E985B2237D0E700D175CC /* Frameworks */ = {
			isa = PBXFrameworksBuildPhase;
			buildActionMask = 2147483647;
			files = (
			);
			runOnlyForDeploymentPostprocessing = 0;
		};
		613E98662237D0E700D175CC /* Frameworks */ = {
			isa = PBXFrameworksBuildPhase;
			buildActionMask = 2147483647;
			files = (
			);
			runOnlyForDeploymentPostprocessing = 0;
		};
/* End PBXFrameworksBuildPhase section */

/* Begin PBXGroup section */
		613E983E2237D0E600D175CC = {
			isa = PBXGroup;
			children = (
				613E98492237D0E600D175CC /* NY Times */,
				613E98612237D0E700D175CC /* NY TimesTests */,
				613E986C2237D0E700D175CC /* NY TimesUITests */,
				613E98482237D0E600D175CC /* Products */,
			);
			sourceTree = "<group>";
		};
		613E98482237D0E600D175CC /* Products */ = {
			isa = PBXGroup;
			children = (
				613E98472237D0E600D175CC /* NY Times.app */,
				613E985E2237D0E700D175CC /* NY TimesTests.xctest */,
				613E98692237D0E700D175CC /* NY TimesUITests.xctest */,
			);
			name = Products;
			sourceTree = "<group>";
		};
		613E98492237D0E600D175CC /* NY Times */ = {
			isa = PBXGroup;
			children = (
				613E984A2237D0E600D175CC /* AppDelegate.swift */,
				613E984C2237D0E600D175CC /* ViewController.swift */,
				613E984E2237D0E600D175CC /* Main.storyboard */,
				613E98542237D0E700D175CC /* Assets.xcassets */,
				613E98562237D0E700D175CC /* LaunchScreen.storyboard */,
				613E98592237D0E700D175CC /* Info.plist */,
				613E98512237D0E600D175CC /* NY_Times.xcdatamodeld */,
			);
			path = "NY Times";
			sourceTree = "<group>";
		};
		613E98612237D0E700D175CC /* NY TimesTests */ = {
			isa = PBXGroup;
			children = (
				613E98622237D0E700D175CC /* NY_TimesTests.swift */,
				613E98642237D0E700D175CC /* Info.plist */,
			);
			path = "NY TimesTests";
			sourceTree = "<group>";
		};
		613E986C2237D0E700D175CC /* NY TimesUITests */ = {
			isa = PBXGroup;
			children = (
				613E986D2237D0E700D175CC /* NY_TimesUITests.swift */,
				613E986F2237D0E700D175CC /* Info.plist */,
			);
			path = "NY TimesUITests";
			sourceTree = "<group>";
		};
/* End PBXGroup section */

/* Begin PBXNativeTarget section */
		613E98462237D0E600D175CC /* NY Times */ = {
			isa = PBXNativeTarget;
			buildConfigurationList = 613E98722237D0E700D175CC /* Build configuration list for PBXNativeTarget "NY Times" */;
			buildPhases = (
				613E98432237D0E600D175CC /* Sources */,
				613E98442237D0E600D175CC /* Frameworks */,
				613E98452237D0E600D175CC /* Resources */,
			);
			buildRules = (
			);
			dependencies = (
			);
			name = "NY Times";
			productName = "NY Times";
			productReference = 613E98472237D0E600D175CC /* NY Times.app */;
			productType = "com.apple.product-type.application";
		};
		613E985D2237D0E700D175CC /* NY TimesTests */ = {
			isa = PBXNativeTarget;
			buildConfigurationList = 613E98752237D0E700D175CC /* Build configuration list for PBXNativeTarget "NY TimesTests" */;
			buildPhases = (
				613E985A2237D0E700D175CC /* Sources */,
				613E985B2237D0E700D175CC /* Frameworks */,
				613E985C2237D0E700D175CC /* Resources */,
			);
			buildRules = (
			);
			dependencies = (
				613E98602237D0E700D175CC /* PBXTargetDependency */,
			);
			name = "NY TimesTests";
			productName = "NY TimesTests";
			productReference = 613E985E2237D0E700D175CC /* NY TimesTests.xctest */;
			productType = "com.apple.product-type.bundle.unit-test";
		};
		613E98682237D0E700D175CC /* NY TimesUITests */ = {
			isa = PBXNativeTarget;
			buildConfigurationList = 613E98782237D0E700D175CC /* Build configuration list for PBXNativeTarget "NY TimesUITests" */;
			buildPhases = (
				613E98652237D0E700D175CC /* Sources */,
				613E98662237D0E700D175CC /* Frameworks */,
				613E98672237D0E700D175CC /* Resources */,
			);
			buildRules = (
			);
			dependencies = (
				613E986B2237D0E700D175CC /* PBXTargetDependency */,
			);
			name = "NY TimesUITests";
			productName = "NY TimesUITests";
			productReference = 613E98692237D0E700D175CC /* NY TimesUITests.xctest */;
			productType = "com.apple.product-type.bundle.ui-testing";
		};
/* End PBXNativeTarget section */

/* Begin PBXProject section */
		613E983F2237D0E600D175CC /* Project object */ = {
			isa = PBXProject;
			attributes = {
				LastSwiftUpdateCheck = 1010;
				LastUpgradeCheck = 1010;
				ORGANIZATIONNAME = sourav;
				TargetAttributes = {
					613E98462237D0E600D175CC = {
						CreatedOnToolsVersion = 10.1;
					};
					613E985D2237D0E700D175CC = {
						CreatedOnToolsVersion = 10.1;
						TestTargetID = 613E98462237D0E600D175CC;
					};
					613E98682237D0E700D175CC = {
						CreatedOnToolsVersion = 10.1;
						TestTargetID = 613E98462237D0E600D175CC;
					};
				};
			};
			buildConfigurationList = 613E98422237D0E600D175CC /* Build configuration list for PBXProject "NY Times" */;
			compatibilityVersion = "Xcode 9.3";
			developmentRegion = en;
			hasScannedForEncodings = 0;
			knownRegions = (
				en,
				Base,
			);
			mainGroup = 613E983E2237D0E600D175CC;
			productRefGroup = 613E98482237D0E600D175CC /* Products */;
			projectDirPath = "";
			projectRoot = "";
			targets = (
				613E98462237D0E600D175CC /* NY Times */,
				613E985D2237D0E700D175CC /* NY TimesTests */,
				613E98682237D0E700D175CC /* NY TimesUITests */,
			);
		};
/* End PBXProject section */

/* Begin PBXResourcesBuildPhase section */
		613E98452237D0E600D175CC /* Resources */ = {
			isa = PBXResourcesBuildPhase;
			buildActionMask = 2147483647;
			files = (
				613E98582237D0E700D175CC /* LaunchScreen.storyboard in Resources */,
				613E98552237D0E700D175CC /* Assets.xcassets in Resources */,
				613E98502237D0E600D175CC /* Main.storyboard in Resources */,
			);
			runOnlyForDeploymentPostprocessing = 0;
		};
		613E985C2237D0E700D175CC /* Resources */ = {
			isa = PBXResourcesBuildPhase;
			buildActionMask = 2147483647;
			files = (
			);
			runOnlyForDeploymentPostprocessing = 0;
		};
		613E98672237D0E700D175CC /* Resources */ = {
			isa = PBXResourcesBuildPhase;
			buildActionMask = 2147483647;
			files = (
			);
			runOnlyForDeploymentPostprocessing = 0;
		};
/* End PBXResourcesBuildPhase section */

/* Begin PBXSourcesBuildPhase section */
		613E98432237D0E600D175CC /* Sources */ = {
			isa = PBXSourcesBuildPhase;
			buildActionMask = 2147483647;
			files = (
				613E98532237D0E600D175CC /* NY_Times.xcdatamodeld in Sources */,
				613E984D2237D0E600D175CC /* ViewController.swift in Sources */,
				613E984B2237D0E600D175CC /* AppDelegate.swift in Sources */,
			);
			runOnlyForDeploymentPostprocessing = 0;
		};
		613E985A2237D0E700D175CC /* Sources */ = {
			isa = PBXSourcesBuildPhase;
			buildActionMask = 2147483647;
			files = (
				613E98632237D0E700D175CC /* NY_TimesTests.swift in Sources */,
			);
			runOnlyForDeploymentPostprocessing = 0;
		};
		613E98652237D0E700D175CC /* Sources */ = {
			isa = PBXSourcesBuildPhase;
			buildActionMask = 2147483647;
			files = (
				613E986E2237D0E700D175CC /* NY_TimesUITests.swift in Sources */,
			);
			runOnlyForDeploymentPostprocessing = 0;
		};
/* End PBXSourcesBuildPhase section */

/* Begin PBXTargetDependency section */
		613E98602237D0E700D175CC /* PBXTargetDependency */ = {
			isa = PBXTargetDependency;
			target = 613E98462237D0E600D175CC /* NY Times */;
			targetProxy = 613E985F2237D0E700D175CC /* PBXContainerItemProxy */;
		};
		613E986B2237D0E700D175CC /* PBXTargetDependency */ = {
			isa = PBXTargetDependency;
			target = 613E98462237D0E600D175CC /* NY Times */;
			targetProxy = 613E986A2237D0E700D175CC /* PBXContainerItemProxy */;
		};
/* End PBXTargetDependency section */

/* Begin PBXVariantGroup section */
		613E984E2237D0E600D175CC /* Main.storyboard */ = {
			isa = PBXVariantGroup;
			children = (
				613E984F2237D0E600D175CC /* Base */,
			);
			name = Main.storyboard;
			sourceTree = "<group>";
		};
		613E98562237D0E700D175CC /* LaunchScreen.storyboard */ = {
			isa = PBXVariantGroup;
			children = (
				613E98572237D0E700D175CC /* Base */,
			);
			name = LaunchScreen.storyboard;
			sourceTree = "<group>";
		};
/* End PBXVariantGroup section */

/* Begin XCBuildConfiguration section */
		613E98702237D0E700D175CC /* Debug */ = {
			isa = XCBuildConfiguration;
			buildSettings = {
				ALWAYS_SEARCH_USER_PATHS = NO;
				CLANG_ANALYZER_NONNULL = YES;
				CLANG_ANALYZER_NUMBER_OBJECT_CONVERSION = YES_AGGRESSIVE;
				CLANG_CXX_LANGUAGE_STANDARD = "gnu++14";
				CLANG_CXX_LIBRARY = "libc++";
				CLANG_ENABLE_MODULES = YES;
				CLANG_ENABLE_OBJC_ARC = YES;
				CLANG_ENABLE_OBJC_WEAK = YES;
				CLANG_WARN_BLOCK_CAPTURE_AUTORELEASING = YES;
				CLANG_WARN_BOOL_CONVERSION = YES;
				CLANG_WARN_COMMA = YES;
				CLANG_WARN_CONSTANT_CONVERSION = YES;
				CLANG_WARN_DEPRECATED_OBJC_IMPLEMENTATIONS = YES;
				CLANG_WARN_DIRECT_OBJC_ISA_USAGE = YES_ERROR;
				CLANG_WARN_DOCUMENTATION_COMMENTS = YES;
				CLANG_WARN_EMPTY_BODY = YES;
				CLANG_WARN_ENUM_CONVERSION = YES;
				CLANG_WARN_INFINITE_RECURSION = YES;
				CLANG_WARN_INT_CONVERSION = YES;
				CLANG_WARN_NON_LITERAL_NULL_CONVERSION = YES;
				CLANG_WARN_OBJC_IMPLICIT_RETAIN_SELF = YES;
				CLANG_WARN_OBJC_LITERAL_CONVERSION = YES;
				CLANG_WARN_OBJC_ROOT_CLASS = YES_ERROR;
				CLANG_WARN_RANGE_LOOP_ANALYSIS = YES;
				CLANG_WARN_STRICT_PROTOTYPES = YES;
				CLANG_WARN_SUSPICIOUS_MOVE = YES;
				CLANG_WARN_UNGUARDED_AVAILABILITY = YES_AGGRESSIVE;
				CLANG_WARN_UNREACHABLE_CODE = YES;
				CLANG_WARN__DUPLICATE_METHOD_MATCH = YES;
				CODE_SIGN_IDENTITY = "iPhone Developer";
				COPY_PHASE_STRIP = NO;
				DEBUG_INFORMATION_FORMAT = dwarf;
				ENABLE_STRICT_OBJC_MSGSEND = YES;
				ENABLE_TESTABILITY = YES;
				GCC_C_LANGUAGE_STANDARD = gnu11;
				GCC_DYNAMIC_NO_PIC = NO;
				GCC_NO_COMMON_BLOCKS = YES;
				GCC_OPTIMIZATION_LEVEL = 0;
				GCC_PREPROCESSOR_DEFINITIONS = (
					"DEBUG=1",
					"$(inherited)",
				);
				GCC_WARN_64_TO_32_BIT_CONVERSION = YES;
				GCC_WARN_ABOUT_RETURN_TYPE = YES_ERROR;
				GCC_WARN_UNDECLARED_SELECTOR = YES;
				GCC_WARN_UNINITIALIZED_AUTOS = YES_AGGRESSIVE;
				GCC_WARN_UNUSED_FUNCTION = YES;
				GCC_WARN_UNUSED_VARIABLE = YES;
				IPHONEOS_DEPLOYMENT_TARGET = 12.1;
				MTL_ENABLE_DEBUG_INFO = INCLUDE_SOURCE;
				MTL_FAST_MATH = YES;
				ONLY_ACTIVE_ARCH = YES;
				SDKROOT = iphoneos;
				SWIFT_ACTIVE_COMPILATION_CONDITIONS = DEBUG;
				SWIFT_OPTIMIZATION_LEVEL = "-Onone";
			};
			name = Debug;
		};
		613E98712237D0E700D175CC /* Release */ = {
			isa = XCBuildConfiguration;
			buildSettings = {
				ALWAYS_SEARCH_USER_PATHS = NO;
				CLANG_ANALYZER_NONNULL = YES;
				CLANG_ANALYZER_NUMBER_OBJECT_CONVERSION = YES_AGGRESSIVE;
				CLANG_CXX_LANGUAGE_STANDARD = "gnu++14";
				CLANG_CXX_LIBRARY = "libc++";
				CLANG_ENABLE_MODULES = YES;
				CLANG_ENABLE_OBJC_ARC = YES;
				CLANG_ENABLE_OBJC_WEAK = YES;
				CLANG_WARN_BLOCK_CAPTURE_AUTORELEASING = YES;
				CLANG_WARN_BOOL_CONVERSION = YES;
				CLANG_WARN_COMMA = YES;
				CLANG_WARN_CONSTANT_CONVERSION = YES;
				CLANG_WARN_DEPRECATED_OBJC_IMPLEMENTATIONS = YES;
				CLANG_WARN_DIRECT_OBJC_ISA_USAGE = YES_ERROR;
				CLANG_WARN_DOCUMENTATION_COMMENTS = YES;
				CLANG_WARN_EMPTY_BODY = YES;
				CLANG_WARN_ENUM_CONVERSION = YES;
				CLANG_WARN_INFINITE_RECURSION = YES;
				CLANG_WARN_INT_CONVERSION = YES;
				CLANG_WARN_NON_LITERAL_NULL_CONVERSION = YES;
				CLANG_WARN_OBJC_IMPLICIT_RETAIN_SELF = YES;
				CLANG_WARN_OBJC_LITERAL_CONVERSION = YES;
				CLANG_WARN_OBJC_ROOT_CLASS = YES_ERROR;
				CLANG_WARN_RANGE_LOOP_ANALYSIS = YES;
				CLANG_WARN_STRICT_PROTOTYPES = YES;
				CLANG_WARN_SUSPICIOUS_MOVE = YES;
				CLANG_WARN_UNGUARDED_AVAILABILITY = YES_AGGRESSIVE;
				CLANG_WARN_UNREACHABLE_CODE = YES;
				CLANG_WARN__DUPLICATE_METHOD_MATCH = YES;
				CODE_SIGN_IDENTITY = "iPhone Developer";
				COPY_PHASE_STRIP = NO;
				DEBUG_INFORMATION_FORMAT = "dwarf-with-dsym";
				ENABLE_NS_ASSERTIONS = NO;
				ENABLE_STRICT_OBJC_MSGSEND = YES;
				GCC_C_LANGUAGE_STANDARD = gnu11;
				GCC_NO_COMMON_BLOCKS = YES;
				GCC_WARN_64_TO_32_BIT_CONVERSION = YES;
				GCC_WARN_ABOUT_RETURN_TYPE = YES_ERROR;
				GCC_WARN_UNDECLARED_SELECTOR = YES;
				GCC_WARN_UNINITIALIZED_AUTOS = YES_AGGRESSIVE;
				GCC_WARN_UNUSED_FUNCTION = YES;
				GCC_WARN_UNUSED_VARIABLE = YES;
				IPHONEOS_DEPLOYMENT_TARGET = 12.1;
				MTL_ENABLE_DEBUG_INFO = NO;
				MTL_FAST_MATH = YES;
				SDKROOT = iphoneos;
				SWIFT_COMPILATION_MODE = wholemodule;
				SWIFT_OPTIMIZATION_LEVEL = "-O";
				VALIDATE_PRODUCT = YES;
			};
			name = Release;
		};
		613E98732237D0E700D175CC /* Debug */ = {
			isa = XCBuildConfiguration;
			buildSettings = {
				ASSETCATALOG_COMPILER_APPICON_NAME = AppIcon;
				CODE_SIGN_STYLE = Automatic;
				INFOPLIST_FILE = "NY Times/Info.plist";
				LD_RUNPATH_SEARCH_PATHS = (
					"$(inherited)",
					"@executable_path/Frameworks",
				);
				PRODUCT_BUNDLE_IDENTIFIER = "com.sourav.NY-Times";
				PRODUCT_NAME = "$(TARGET_NAME)";
				SWIFT_VERSION = 4.2;
				TARGETED_DEVICE_FAMILY = "1,2";
			};
			name = Debug;
		};
		613E98742237D0E700D175CC /* Release */ = {
			isa = XCBuildConfiguration;
			buildSettings = {
				ASSETCATALOG_COMPILER_APPICON_NAME = AppIcon;
				CODE_SIGN_STYLE = Automatic;
				INFOPLIST_FILE = "NY Times/Info.plist";
				LD_RUNPATH_SEARCH_PATHS = (
					"$(inherited)",
					"@executable_path/Frameworks",
				);
				PRODUCT_BUNDLE_IDENTIFIER = "com.sourav.NY-Times";
				PRODUCT_NAME = "$(TARGET_NAME)";
				SWIFT_VERSION = 4.2;
				TARGETED_DEVICE_FAMILY = "1,2";
			};
			name = Release;
		};
		613E98762237D0E700D175CC /* Debug */ = {
			isa = XCBuildConfiguration;
			buildSettings = {
				ALWAYS_EMBED_SWIFT_STANDARD_LIBRARIES = YES;
				BUNDLE_LOADER = "$(TEST_HOST)";
				CODE_SIGN_STYLE = Automatic;
				INFOPLIST_FILE = "NY TimesTests/Info.plist";
				LD_RUNPATH_SEARCH_PATHS = (
					"$(inherited)",
					"@executable_path/Frameworks",
					"@loader_path/Frameworks",
				);
				PRODUCT_BUNDLE_IDENTIFIER = "com.sourav.NY-TimesTests";
				PRODUCT_NAME = "$(TARGET_NAME)";
				SWIFT_VERSION = 4.2;
				TARGETED_DEVICE_FAMILY = "1,2";
				TEST_HOST = "$(BUILT_PRODUCTS_DIR)/NY Times.app/NY Times";
			};
			name = Debug;
		};
		613E98772237D0E700D175CC /* Release */ = {
			isa = XCBuildConfiguration;
			buildSettings = {
				ALWAYS_EMBED_SWIFT_STANDARD_LIBRARIES = YES;
				BUNDLE_LOADER = "$(TEST_HOST)";
				CODE_SIGN_STYLE = Automatic;
				INFOPLIST_FILE = "NY TimesTests/Info.plist";
				LD_RUNPATH_SEARCH_PATHS = (
					"$(inherited)",
					"@executable_path/Frameworks",
					"@loader_path/Frameworks",
				);
				PRODUCT_BUNDLE_IDENTIFIER = "com.sourav.NY-TimesTests";
				PRODUCT_NAME = "$(TARGET_NAME)";
				SWIFT_VERSION = 4.2;
				TARGETED_DEVICE_FAMILY = "1,2";
				TEST_HOST = "$(BUILT_PRODUCTS_DIR)/NY Times.app/NY Times";
			};
			name = Release;
		};
		613E98792237D0E700D175CC /* Debug */ = {
			isa = XCBuildConfiguration;
			buildSettings = {
				ALWAYS_EMBED_SWIFT_STANDARD_LIBRARIES = YES;
				CODE_SIGN_STYLE = Automatic;
				INFOPLIST_FILE = "NY TimesUITests/Info.plist";
				LD_RUNPATH_SEARCH_PATHS = (
					"$(inherited)",
					"@executable_path/Frameworks",
					"@loader_path/Frameworks",
				);
				PRODUCT_BUNDLE_IDENTIFIER = "com.sourav.NY-TimesUITests";
				PRODUCT_NAME = "$(TARGET_NAME)";
				SWIFT_VERSION = 4.2;
				TARGETED_DEVICE_FAMILY = "1,2";
				TEST_TARGET_NAME = "NY Times";
			};
			name = Debug;
		};
		613E987A2237D0E700D175CC /* Release */ = {
			isa = XCBuildConfiguration;
			buildSettings = {
				ALWAYS_EMBED_SWIFT_STANDARD_LIBRARIES = YES;
				CODE_SIGN_STYLE = Automatic;
				INFOPLIST_FILE = "NY TimesUITests/Info.plist";
				LD_RUNPATH_SEARCH_PATHS = (
					"$(inherited)",
					"@executable_path/Frameworks",
					"@loader_path/Frameworks",
				);
				PRODUCT_BUNDLE_IDENTIFIER = "com.sourav.NY-TimesUITests";
				PRODUCT_NAME = "$(TARGET_NAME)";
				SWIFT_VERSION = 4.2;
				TARGETED_DEVICE_FAMILY = "1,2";
				TEST_TARGET_NAME = "NY Times";
			};
			name = Release;
		};
/* End XCBuildConfiguration section */

/* Begin XCConfigurationList section */
		613E98422237D0E600D175CC /* Build configuration list for PBXProject "NY Times" */ = {
			isa = XCConfigurationList;
			buildConfigurations = (
				613E98702237D0E700D175CC /* Debug */,
				613E98712237D0E700D175CC /* Release */,
			);
			defaultConfigurationIsVisible = 0;
			defaultConfigurationName = Release;
		};
		613E98722237D0E700D175CC /* Build configuration list for PBXNativeTarget "NY Times" */ = {
			isa = XCConfigurationList;
			buildConfigurations = (
				613E98732237D0E700D175CC /* Debug */,
				613E98742237D0E700D175CC /* Release */,
			);
			defaultConfigurationIsVisible = 0;
			defaultConfigurationName = Release;
		};
		613E98752237D0E700D175CC /* Build configuration list for PBXNativeTarget "NY TimesTests" */ = {
			isa = XCConfigurationList;
			buildConfigurations = (
				613E98762237D0E700D175CC /* Debug */,
				613E98772237D0E700D175CC /* Release */,
			);
			defaultConfigurationIsVisible = 0;
			defaultConfigurationName = Release;
		};
		613E98782237D0E700D175CC /* Build configuration list for PBXNativeTarget "NY TimesUITests" */ = {
			isa = XCConfigurationList;
			buildConfigurations = (
				613E98792237D0E700D175CC /* Debug */,
				613E987A2237D0E700D175CC /* Release */,
			);
			defaultConfigurationIsVisible = 0;
			defaultConfigurationName = Release;
		};
/* End XCConfigurationList section */

/* Begin XCVersionGroup section */
		613E98512237D0E600D175CC /* NY_Times.xcdatamodeld */ = {
			isa = XCVersionGroup;
			children = (
				613E98522237D0E600D175CC /* NY_Times.xcdatamodel */,
			);
			currentVersion = 613E98522237D0E600D175CC /* NY_Times.xcdatamodel */;
			path = NY_Times.xcdatamodeld;
			sourceTree = "<group>";
			versionGroupType = wrapper.xcdatamodel;
		};
/* End XCVersionGroup section */
	};
	rootObject = 613E983F2237D0E600D175CC /* Project object */;
}
